// !$*UTF8*$!
{
	archiveVersion = 1;
	classes = {
	};
	objectVersion = 50;
	objects = {

/* Begin PBXBuildFile section */
		CAF167002472A887009AE935 /* AppDelegate.m in Sources */ = {isa = PBXBuildFile; fileRef = CAF166FF2472A887009AE935 /* AppDelegate.m */; };
		CAF167032472A887009AE935 /* SceneDelegate.m in Sources */ = {isa = PBXBuildFile; fileRef = CAF167022472A887009AE935 /* SceneDelegate.m */; };
		CAF167062472A887009AE935 /* ViewController.m in Sources */ = {isa = PBXBuildFile; fileRef = CAF167052472A887009AE935 /* ViewController.m */; };
		CAF167092472A887009AE935 /* Main.storyboard in Resources */ = {isa = PBXBuildFile; fileRef = CAF167072472A887009AE935 /* Main.storyboard */; };
		CAF1670B2472A889009AE935 /* Assets.xcassets in Resources */ = {isa = PBXBuildFile; fileRef = CAF1670A2472A889009AE935 /* Assets.xcassets */; };
		CAF1670E2472A889009AE935 /* LaunchScreen.storyboard in Resources */ = {isa = PBXBuildFile; fileRef = CAF1670C2472A889009AE935 /* LaunchScreen.storyboard */; };
		CAF167112472A889009AE935 /* main.m in Sources */ = {isa = PBXBuildFile; fileRef = CAF167102472A889009AE935 /* main.m */; };
/* End PBXBuildFile section */

/* Begin PBXFileReference section */
		CAF166FB2472A887009AE935 /* ShabatCandleLighting.app */ = {isa = PBXFileReference; explicitFileType = wrapper.application; includeInIndex = 0; path = ShabatCandleLighting.app; sourceTree = BUILT_PRODUCTS_DIR; };
		CAF166FE2472A887009AE935 /* AppDelegate.h */ = {isa = PBXFileReference; lastKnownFileType = sourcecode.c.h; path = AppDelegate.h; sourceTree = "<group>"; };
		CAF166FF2472A887009AE935 /* AppDelegate.m */ = {isa = PBXFileReference; lastKnownFileType = sourcecode.c.objc; path = AppDelegate.m; sourceTree = "<group>"; };
		CAF167012472A887009AE935 /* SceneDelegate.h */ = {isa = PBXFileReference; lastKnownFileType = sourcecode.c.h; path = SceneDelegate.h; sourceTree = "<group>"; };
		CAF167022472A887009AE935 /* SceneDelegate.m */ = {isa = PBXFileReference; lastKnownFileType = sourcecode.c.objc; path = SceneDelegate.m; sourceTree = "<group>"; };
		CAF167042472A887009AE935 /* ViewController.h */ = {isa = PBXFileReference; lastKnownFileType = sourcecode.c.h; path = ViewController.h; sourceTree = "<group>"; };
		CAF167052472A887009AE935 /* ViewController.m */ = {isa = PBXFileReference; lastKnownFileType = sourcecode.c.objc; path = ViewController.m; sourceTree = "<group>"; };
		CAF167082472A887009AE935 /* Base */ = {isa = PBXFileReference; lastKnownFileType = file.storyboard; name = Base; path = Base.lproj/Main.storyboard; sourceTree = "<group>"; };
		CAF1670A2472A889009AE935 /* Assets.xcassets */ = {isa = PBXFileReference; lastKnownFileType = folder.assetcatalog; path = Assets.xcassets; sourceTree = "<group>"; };
		CAF1670D2472A889009AE935 /* Base */ = {isa = PBXFileReference; lastKnownFileType = file.storyboard; name = Base; path = Base.lproj/LaunchScreen.storyboard; sourceTree = "<group>"; };
		CAF1670F2472A889009AE935 /* Info.plist */ = {isa = PBXFileReference; lastKnownFileType = text.plist.xml; path = Info.plist; sourceTree = "<group>"; };
		CAF167102472A889009AE935 /* main.m */ = {isa = PBXFileReference; lastKnownFileType = sourcecode.c.objc; path = main.m; sourceTree = "<group>"; };
/* End PBXFileReference section */

/* Begin PBXFrameworksBuildPhase section */
		CAF166F82472A887009AE935 /* Frameworks */ = {
			isa = PBXFrameworksBuildPhase;
			buildActionMask = 2147483647;
			files = (
			);
			runOnlyForDeploymentPostprocessing = 0;
		};
/* End PBXFrameworksBuildPhase section */

/* Begin PBXGroup section */
		CAF166F22472A887009AE935 = {
			isa = PBXGroup;
			children = (
				CAF166FD2472A887009AE935 /* ShabatCandleLighting */,
				CAF166FC2472A887009AE935 /* Products */,
			);
			sourceTree = "<group>";
		};
		CAF166FC2472A887009AE935 /* Products */ = {
			isa = PBXGroup;
			children = (
				CAF166FB2472A887009AE935 /* ShabatCandleLighting.app */,
			);
			name = Products;
			sourceTree = "<group>";
		};
		CAF166FD2472A887009AE935 /* ShabatCandleLighting */ = {
			isa = PBXGroup;
			children = (
				CAF166FE2472A887009AE935 /* AppDelegate.h */,
				CAF166FF2472A887009AE935 /* AppDelegate.m */,
				CAF167012472A887009AE935 /* SceneDelegate.h */,
				CAF167022472A887009AE935 /* SceneDelegate.m */,
				CAF167042472A887009AE935 /* ViewController.h */,
				CAF167052472A887009AE935 /* ViewController.m */,
				CAF167072472A887009AE935 /* Main.storyboard */,
				CAF1670A2472A889009AE935 /* Assets.xcassets */,
				CAF1670C2472A889009AE935 /* LaunchScreen.storyboard */,
				CAF1670F2472A889009AE935 /* Info.plist */,
				CAF167102472A889009AE935 /* main.m */,
			);
			path = ShabatCandleLighting;
			sourceTree = "<group>";
		};
/* End PBXGroup section */

/* Begin PBXNativeTarget section */
		CAF166FA2472A887009AE935 /* ShabatCandleLighting */ = {
			isa = PBXNativeTarget;
			buildConfigurationList = CAF167142472A889009AE935 /* Build configuration list for PBXNativeTarget "ShabatCandleLighting" */;
			buildPhases = (
				CAF166F72472A887009AE935 /* Sources */,
				CAF166F82472A887009AE935 /* Frameworks */,
				CAF166F92472A887009AE935 /* Resources */,
			);
			buildRules = (
			);
			dependencies = (
			);
			name = ShabatCandleLighting;
			productName = ShabatCandleLighting;
			productReference = CAF166FB2472A887009AE935 /* ShabatCandleLighting.app */;
			productType = "com.apple.product-type.application";
		};
/* End PBXNativeTarget section */

/* Begin PBXProject section */
		CAF166F32472A887009AE935 /* Project object */ = {
			isa = PBXProject;
			attributes = {
				LastUpgradeCheck = 1140;
				ORGANIZATIONNAME = "Nikita Koniukh";
				TargetAttributes = {
					CAF166FA2472A887009AE935 = {
						CreatedOnToolsVersion = 11.4.1;
					};
				};
			};
			buildConfigurationList = CAF166F62472A887009AE935 /* Build configuration list for PBXProject "ShabatCandleLighting" */;
			compatibilityVersion = "Xcode 9.3";
			developmentRegion = en;
			hasScannedForEncodings = 0;
			knownRegions = (
				en,
				Base,
			);
			mainGroup = CAF166F22472A887009AE935;
			productRefGroup = CAF166FC2472A887009AE935 /* Products */;
			projectDirPath = "";
			projectRoot = "";
			targets = (
				CAF166FA2472A887009AE935 /* ShabatCandleLighting */,
			);
		};
/* End PBXProject section */

/* Begin PBXResourcesBuildPhase section */
		CAF166F92472A887009AE935 /* Resources */ = {
			isa = PBXResourcesBuildPhase;
			buildActionMask = 2147483647;
			files = (
				CAF1670E2472A889009AE935 /* LaunchScreen.storyboard in Resources */,
				CAF1670B2472A889009AE935 /* Assets.xcassets in Resources */,
				CAF167092472A887009AE935 /* Main.storyboard in Resources */,
			);
			runOnlyForDeploymentPostprocessing = 0;
		};
/* End PBXResourcesBuildPhase section */

/* Begin PBXSourcesBuildPhase section */
		CAF166F72472A887009AE935 /* Sources */ = {
			isa = PBXSourcesBuildPhase;
			buildActionMask = 2147483647;
			files = (
				CAF167062472A887009AE935 /* ViewController.m in Sources */,
				CAF167002472A887009AE935 /* AppDelegate.m in Sources */,
				CAF167112472A889009AE935 /* main.m in Sources */,
				CAF167032472A887009AE935 /* SceneDelegate.m in Sources */,
			);
			runOnlyForDeploymentPostprocessing = 0;
		};
/* End PBXSourcesBuildPhase section */

/* Begin PBXVariantGroup section */
		CAF167072472A887009AE935 /* Main.storyboard */ = {
			isa = PBXVariantGroup;
			children = (
				CAF167082472A887009AE935 /* Base */,
			);
			name = Main.storyboard;
			sourceTree = "<group>";
		};
		CAF1670C2472A889009AE935 /* LaunchScreen.storyboard */ = {
			isa = PBXVariantGroup;
			children = (
				CAF1670D2472A889009AE935 /* Base */,
			);
			name = LaunchScreen.storyboard;
			sourceTree = "<group>";
		};
/* End PBXVariantGroup section */

/* Begin XCBuildConfiguration section */
		CAF167122472A889009AE935 /* Debug */ = {
			isa = XCBuildConfiguration;
			buildSettings = {
				ALWAYS_SEARCH_USER_PATHS = NO;
				CLANG_ANALYZER_NONNULL = YES;
				CLANG_ANALYZER_NUMBER_OBJECT_CONVERSION = YES_AGGRESSIVE;
				CLANG_CXX_LANGUAGE_STANDARD = "gnu++14";
				CLANG_CXX_LIBRARY = "libc++";
				CLANG_ENABLE_MODULES = YES;
				CLANG_ENABLE_OBJC_ARC = YES;
				CLANG_ENABLE_OBJC_WEAK = YES;
				CLANG_WARN_BLOCK_CAPTURE_AUTORELEASING = YES;
				CLANG_WARN_BOOL_CONVERSION = YES;
				CLANG_WARN_COMMA = YES;
				CLANG_WARN_CONSTANT_CONVERSION = YES;
				CLANG_WARN_DEPRECATED_OBJC_IMPLEMENTATIONS = YES;
				CLANG_WARN_DIRECT_OBJC_ISA_USAGE = YES_ERROR;
				CLANG_WARN_DOCUMENTATION_COMMENTS = YES;
				CLANG_WARN_EMPTY_BODY = YES;
				CLANG_WARN_ENUM_CONVERSION = YES;
				CLANG_WARN_INFINITE_RECURSION = YES;
				CLANG_WARN_INT_CONVERSION = YES;
				CLANG_WARN_NON_LITERAL_NULL_CONVERSION = YES;
				CLANG_WARN_OBJC_IMPLICIT_RETAIN_SELF = YES;
				CLANG_WARN_OBJC_LITERAL_CONVERSION = YES;
				CLANG_WARN_OBJC_ROOT_CLASS = YES_ERROR;
				CLANG_WARN_RANGE_LOOP_ANALYSIS = YES;
				CLANG_WARN_STRICT_PROTOTYPES = YES;
				CLANG_WARN_SUSPICIOUS_MOVE = YES;
				CLANG_WARN_UNGUARDED_AVAILABILITY = YES_AGGRESSIVE;
				CLANG_WARN_UNREACHABLE_CODE = YES;
				CLANG_WARN__DUPLICATE_METHOD_MATCH = YES;
				COPY_PHASE_STRIP = NO;
				DEBUG_INFORMATION_FORMAT = dwarf;
				ENABLE_STRICT_OBJC_MSGSEND = YES;
				ENABLE_TESTABILITY = YES;
				GCC_C_LANGUAGE_STANDARD = gnu11;
				GCC_DYNAMIC_NO_PIC = NO;
				GCC_NO_COMMON_BLOCKS = YES;
				GCC_OPTIMIZATION_LEVEL = 0;
				GCC_PREPROCESSOR_DEFINITIONS = (
					"DEBUG=1",
					"$(inherited)",
				);
				GCC_WARN_64_TO_32_BIT_CONVERSION = YES;
				GCC_WARN_ABOUT_RETURN_TYPE = YES_ERROR;
				GCC_WARN_UNDECLARED_SELECTOR = YES;
				GCC_WARN_UNINITIALIZED_AUTOS = YES_AGGRESSIVE;
				GCC_WARN_UNUSED_FUNCTION = YES;
				GCC_WARN_UNUSED_VARIABLE = YES;
				IPHONEOS_DEPLOYMENT_TARGET = 13.4;
				MTL_ENABLE_DEBUG_INFO = INCLUDE_SOURCE;
				MTL_FAST_MATH = YES;
				ONLY_ACTIVE_ARCH = YES;
				SDKROOT = iphoneos;
			};
			name = Debug;
		};
		CAF167132472A889009AE935 /* Release */ = {
			isa = XCBuildConfiguration;
			buildSettings = {
				ALWAYS_SEARCH_USER_PATHS = NO;
				CLANG_ANALYZER_NONNULL = YES;
				CLANG_ANALYZER_NUMBER_OBJECT_CONVERSION = YES_AGGRESSIVE;
				CLANG_CXX_LANGUAGE_STANDARD = "gnu++14";
				CLANG_CXX_LIBRARY = "libc++";
				CLANG_ENABLE_MODULES = YES;
				CLANG_ENABLE_OBJC_ARC = YES;
				CLANG_ENABLE_OBJC_WEAK = YES;
				CLANG_WARN_BLOCK_CAPTURE_AUTORELEASING = YES;
				CLANG_WARN_BOOL_CONVERSION = YES;
				CLANG_WARN_COMMA = YES;
				CLANG_WARN_CONSTANT_CONVERSION = YES;
				CLANG_WARN_DEPRECATED_OBJC_IMPLEMENTATIONS = YES;
				CLANG_WARN_DIRECT_OBJC_ISA_USAGE = YES_ERROR;
				CLANG_WARN_DOCUMENTATION_COMMENTS = YES;
				CLANG_WARN_EMPTY_BODY = YES;
				CLANG_WARN_ENUM_CONVERSION = YES;
				CLANG_WARN_INFINITE_RECURSION = YES;
				CLANG_WARN_INT_CONVERSION = YES;
				CLANG_WARN_NON_LITERAL_NULL_CONVERSION = YES;
				CLANG_WARN_OBJC_IMPLICIT_RETAIN_SELF = YES;
				CLANG_WARN_OBJC_LITERAL_CONVERSION = YES;
				CLANG_WARN_OBJC_ROOT_CLASS = YES_ERROR;
				CLANG_WARN_RANGE_LOOP_ANALYSIS = YES;
				CLANG_WARN_STRICT_PROTOTYPES = YES;
				CLANG_WARN_SUSPICIOUS_MOVE = YES;
				CLANG_WARN_UNGUARDED_AVAILABILITY = YES_AGGRESSIVE;
				CLANG_WARN_UNREACHABLE_CODE = YES;
				CLANG_WARN__DUPLICATE_METHOD_MATCH = YES;
				COPY_PHASE_STRIP = NO;
				DEBUG_INFORMATION_FORMAT = "dwarf-with-dsym";
				ENABLE_NS_ASSERTIONS = NO;
				ENABLE_STRICT_OBJC_MSGSEND = YES;
				GCC_C_LANGUAGE_STANDARD = gnu11;
				GCC_NO_COMMON_BLOCKS = YES;
				GCC_WARN_64_TO_32_BIT_CONVERSION = YES;
				GCC_WARN_ABOUT_RETURN_TYPE = YES_ERROR;
				GCC_WARN_UNDECLARED_SELECTOR = YES;
				GCC_WARN_UNINITIALIZED_AUTOS = YES_AGGRESSIVE;
				GCC_WARN_UNUSED_FUNCTION = YES;
				GCC_WARN_UNUSED_VARIABLE = YES;
				IPHONEOS_DEPLOYMENT_TARGET = 13.4;
				MTL_ENABLE_DEBUG_INFO = NO;
				MTL_FAST_MATH = YES;
				SDKROOT = iphoneos;
				VALIDATE_PRODUCT = YES;
			};
			name = Release;
		};
		CAF167152472A889009AE935 /* Debug */ = {
			isa = XCBuildConfiguration;
			buildSettings = {
				ASSETCATALOG_COMPILER_APPICON_NAME = AppIcon;
				CODE_SIGN_STYLE = Automatic;
				DEVELOPMENT_TEAM = 3K3Q4658XN;
				INFOPLIST_FILE = ShabatCandleLighting/Info.plist;
				LD_RUNPATH_SEARCH_PATHS = (
					"$(inherited)",
					"@executable_path/Frameworks",
				);
				PRODUCT_BUNDLE_IDENTIFIER = com.msapps.ShabatCandleLighting;
				PRODUCT_NAME = "$(TARGET_NAME)";
				TARGETED_DEVICE_FAMILY = "1,2";
			};
			name = Debug;
		};
		CAF167162472A889009AE935 /* Release */ = {
			isa = XCBuildConfiguration;
			buildSettings = {
				ASSETCATALOG_COMPILER_APPICON_NAME = AppIcon;
				CODE_SIGN_STYLE = Automatic;
				DEVELOPMENT_TEAM = 3K3Q4658XN;
				INFOPLIST_FILE = ShabatCandleLighting/Info.plist;
				LD_RUNPATH_SEARCH_PATHS = (
					"$(inherited)",
					"@executable_path/Frameworks",
				);
				PRODUCT_BUNDLE_IDENTIFIER = com.msapps.ShabatCandleLighting;
				PRODUCT_NAME = "$(TARGET_NAME)";
				TARGETED_DEVICE_FAMILY = "1,2";
			};
			name = Release;
		};
/* End XCBuildConfiguration section */

/* Begin XCConfigurationList section */
		CAF166F62472A887009AE935 /* Build configuration list for PBXProject "ShabatCandleLighting" */ = {
			isa = XCConfigurationList;
			buildConfigurations = (
				CAF167122472A889009AE935 /* Debug */,
				CAF167132472A889009AE935 /* Release */,
			);
			defaultConfigurationIsVisible = 0;
			defaultConfigurationName = Release;
		};
		CAF167142472A889009AE935 /* Build configuration list for PBXNativeTarget "ShabatCandleLighting" */ = {
			isa = XCConfigurationList;
			buildConfigurations = (
				CAF167152472A889009AE935 /* Debug */,
				CAF167162472A889009AE935 /* Release */,
			);
			defaultConfigurationIsVisible = 0;
			defaultConfigurationName = Release;
		};
/* End XCConfigurationList section */
	};
	rootObject = CAF166F32472A887009AE935 /* Project object */;
}
