// !$*UTF8*$!
{
	archiveVersion = 1;
	classes = {
	};
	objectVersion = 50;
	objects = {

/* Begin PBXBuildFile section */
		CA08EFD7247A4954001D7714 /* NotificationCenter.framework in Frameworks */ = {isa = PBXBuildFile; fileRef = CAF74B6524769BFB004A2612 /* NotificationCenter.framework */; };
		CA08EFDB247A4955001D7714 /* TodayViewController.m in Sources */ = {isa = PBXBuildFile; fileRef = CA08EFDA247A4955001D7714 /* TodayViewController.m */; };
		CA08EFDE247A4955001D7714 /* MainInterface.storyboard in Resources */ = {isa = PBXBuildFile; fileRef = CA08EFDC247A4955001D7714 /* MainInterface.storyboard */; };
		CA08EFE2247A4955001D7714 /* Shabbat Candles.appex in Embed App Extensions */ = {isa = PBXBuildFile; fileRef = CA08EFD6247A4954001D7714 /* Shabbat Candles.appex */; settings = {ATTRIBUTES = (RemoveHeadersOnCopy, ); }; };
		CA08EFE7247A49F5001D7714 /* Assets.xcassets in Resources */ = {isa = PBXBuildFile; fileRef = CAF1670A2472A889009AE935 /* Assets.xcassets */; };
		CA5526282473B95F003CC91C /* UIView+UIView_CardView.m in Sources */ = {isa = PBXBuildFile; fileRef = CA5526272473B95F003CC91C /* UIView+UIView_CardView.m */; };
		CA55262B2473BEE7003CC91C /* UIImage+CornerRadius.m in Sources */ = {isa = PBXBuildFile; fileRef = CA55262A2473BEE7003CC91C /* UIImage+CornerRadius.m */; };
		CA5526302473C8D5003CC91C /* ShabatItem.m in Sources */ = {isa = PBXBuildFile; fileRef = CA55262F2473C8D5003CC91C /* ShabatItem.m */; };
		CA5526332473D4EE003CC91C /* ItemsService.m in Sources */ = {isa = PBXBuildFile; fileRef = CA5526322473D4EE003CC91C /* ItemsService.m */; };
		CA5F1D4324751BA4002C3D64 /* NSString+DateToString.m in Sources */ = {isa = PBXBuildFile; fileRef = CA5F1D4224751BA4002C3D64 /* NSString+DateToString.m */; };
		CA5F1D4724752699002C3D64 /* CountriesListViewController.m in Sources */ = {isa = PBXBuildFile; fileRef = CA5F1D4624752699002C3D64 /* CountriesListViewController.m */; };
		CA5F1D4D24755924002C3D64 /* cities.txt in Resources */ = {isa = PBXBuildFile; fileRef = CA5F1D4C24755924002C3D64 /* cities.txt */; };
		CA5F1D5124764F7D002C3D64 /* SWRevealViewController.m in Sources */ = {isa = PBXBuildFile; fileRef = CA5F1D5024764F7D002C3D64 /* SWRevealViewController.m */; };
		CAB71362247A509200D7321E /* ShabatItem.m in Sources */ = {isa = PBXBuildFile; fileRef = CA55262F2473C8D5003CC91C /* ShabatItem.m */; };
		CAB71363247A51D800D7321E /* NSString+DateToString.m in Sources */ = {isa = PBXBuildFile; fileRef = CA5F1D4224751BA4002C3D64 /* NSString+DateToString.m */; };
		CAF167002472A887009AE935 /* AppDelegate.m in Sources */ = {isa = PBXBuildFile; fileRef = CAF166FF2472A887009AE935 /* AppDelegate.m */; };
		CAF167062472A887009AE935 /* MainViewController.m in Sources */ = {isa = PBXBuildFile; fileRef = CAF167052472A887009AE935 /* MainViewController.m */; };
		CAF167092472A887009AE935 /* Main.storyboard in Resources */ = {isa = PBXBuildFile; fileRef = CAF167072472A887009AE935 /* Main.storyboard */; };
		CAF1670B2472A889009AE935 /* Assets.xcassets in Resources */ = {isa = PBXBuildFile; fileRef = CAF1670A2472A889009AE935 /* Assets.xcassets */; };
		CAF1670E2472A889009AE935 /* LaunchScreen.storyboard in Resources */ = {isa = PBXBuildFile; fileRef = CAF1670C2472A889009AE935 /* LaunchScreen.storyboard */; };
		CAF167112472A889009AE935 /* main.m in Sources */ = {isa = PBXBuildFile; fileRef = CAF167102472A889009AE935 /* main.m */; };
/* End PBXBuildFile section */

/* Begin PBXContainerItemProxy section */
		CA08EFE0247A4955001D7714 /* PBXContainerItemProxy */ = {
			isa = PBXContainerItemProxy;
			containerPortal = CAF166F32472A887009AE935 /* Project object */;
			proxyType = 1;
			remoteGlobalIDString = CA08EFD5247A4954001D7714;
			remoteInfo = "Shabbat Candles Widget";
		};
/* End PBXContainerItemProxy section */

/* Begin PBXCopyFilesBuildPhase section */
		CAF74B7224769BFB004A2612 /* Embed App Extensions */ = {
			isa = PBXCopyFilesBuildPhase;
			buildActionMask = 2147483647;
			dstPath = "";
			dstSubfolderSpec = 13;
			files = (
				CA08EFE2247A4955001D7714 /* Shabbat Candles.appex in Embed App Extensions */,
			);
			name = "Embed App Extensions";
			runOnlyForDeploymentPostprocessing = 0;
		};
/* End PBXCopyFilesBuildPhase section */

/* Begin PBXFileReference section */
		CA08EFD6247A4954001D7714 /* Shabbat Candles.appex */ = {isa = PBXFileReference; explicitFileType = "wrapper.app-extension"; includeInIndex = 0; path = "Shabbat Candles.appex"; sourceTree = BUILT_PRODUCTS_DIR; };
		CA08EFD9247A4955001D7714 /* TodayViewController.h */ = {isa = PBXFileReference; lastKnownFileType = sourcecode.c.h; path = TodayViewController.h; sourceTree = "<group>"; };
		CA08EFDA247A4955001D7714 /* TodayViewController.m */ = {isa = PBXFileReference; lastKnownFileType = sourcecode.c.objc; path = TodayViewController.m; sourceTree = "<group>"; };
		CA08EFDD247A4955001D7714 /* Base */ = {isa = PBXFileReference; lastKnownFileType = file.storyboard; name = Base; path = Base.lproj/MainInterface.storyboard; sourceTree = "<group>"; };
		CA08EFDF247A4955001D7714 /* Info.plist */ = {isa = PBXFileReference; lastKnownFileType = text.plist.xml; path = Info.plist; sourceTree = "<group>"; };
		CA5526262473B95F003CC91C /* UIView+UIView_CardView.h */ = {isa = PBXFileReference; lastKnownFileType = sourcecode.c.h; path = "UIView+UIView_CardView.h"; sourceTree = "<group>"; };
		CA5526272473B95F003CC91C /* UIView+UIView_CardView.m */ = {isa = PBXFileReference; lastKnownFileType = sourcecode.c.objc; path = "UIView+UIView_CardView.m"; sourceTree = "<group>"; };
		CA5526292473BEE7003CC91C /* UIImage+CornerRadius.h */ = {isa = PBXFileReference; lastKnownFileType = sourcecode.c.h; path = "UIImage+CornerRadius.h"; sourceTree = "<group>"; };
		CA55262A2473BEE7003CC91C /* UIImage+CornerRadius.m */ = {isa = PBXFileReference; lastKnownFileType = sourcecode.c.objc; path = "UIImage+CornerRadius.m"; sourceTree = "<group>"; };
		CA55262E2473C8D5003CC91C /* ShabatItem.h */ = {isa = PBXFileReference; lastKnownFileType = sourcecode.c.h; path = ShabatItem.h; sourceTree = "<group>"; };
		CA55262F2473C8D5003CC91C /* ShabatItem.m */ = {isa = PBXFileReference; lastKnownFileType = sourcecode.c.objc; path = ShabatItem.m; sourceTree = "<group>"; };
		CA5526312473D4EE003CC91C /* ItemsService.h */ = {isa = PBXFileReference; lastKnownFileType = sourcecode.c.h; path = ItemsService.h; sourceTree = "<group>"; usesTabs = 0; };
		CA5526322473D4EE003CC91C /* ItemsService.m */ = {isa = PBXFileReference; lastKnownFileType = sourcecode.c.objc; path = ItemsService.m; sourceTree = "<group>"; };
		CA5F1D4124751BA4002C3D64 /* NSString+DateToString.h */ = {isa = PBXFileReference; lastKnownFileType = sourcecode.c.h; path = "NSString+DateToString.h"; sourceTree = "<group>"; };
		CA5F1D4224751BA4002C3D64 /* NSString+DateToString.m */ = {isa = PBXFileReference; lastKnownFileType = sourcecode.c.objc; path = "NSString+DateToString.m"; sourceTree = "<group>"; };
		CA5F1D4524752699002C3D64 /* CountriesListViewController.h */ = {isa = PBXFileReference; lastKnownFileType = sourcecode.c.h; path = CountriesListViewController.h; sourceTree = "<group>"; };
		CA5F1D4624752699002C3D64 /* CountriesListViewController.m */ = {isa = PBXFileReference; lastKnownFileType = sourcecode.c.objc; path = CountriesListViewController.m; sourceTree = "<group>"; };
		CA5F1D4C24755924002C3D64 /* cities.txt */ = {isa = PBXFileReference; lastKnownFileType = text; path = cities.txt; sourceTree = "<group>"; };
		CA5F1D4F24764F7D002C3D64 /* SWRevealViewController.h */ = {isa = PBXFileReference; fileEncoding = 4; lastKnownFileType = sourcecode.c.h; path = SWRevealViewController.h; sourceTree = "<group>"; };
		CA5F1D5024764F7D002C3D64 /* SWRevealViewController.m */ = {isa = PBXFileReference; fileEncoding = 4; lastKnownFileType = sourcecode.c.objc; path = SWRevealViewController.m; sourceTree = "<group>"; };
		CAB7137C247A658100D7321E /* ShabatCandleLighting.entitlements */ = {isa = PBXFileReference; lastKnownFileType = text.plist.entitlements; path = ShabatCandleLighting.entitlements; sourceTree = "<group>"; };
		CAB7137D247A80CC00D7321E /* Shabbat Candles.entitlements */ = {isa = PBXFileReference; lastKnownFileType = text.plist.entitlements; path = "Shabbat Candles.entitlements"; sourceTree = "<group>"; };
		CAB7137E247A8D3D00D7321E /* he */ = {isa = PBXFileReference; lastKnownFileType = text.plist.strings; name = he; path = he.lproj/LaunchScreen.strings; sourceTree = "<group>"; };
		CAB7137F247A8D3D00D7321E /* he */ = {isa = PBXFileReference; lastKnownFileType = text.plist.strings; name = he; path = he.lproj/Main.strings; sourceTree = "<group>"; };
		CAB71380247A8D3D00D7321E /* he */ = {isa = PBXFileReference; lastKnownFileType = text.plist.strings; name = he; path = he.lproj/MainInterface.strings; sourceTree = "<group>"; };
		CAB71382247A8D5F00D7321E /* en */ = {isa = PBXFileReference; lastKnownFileType = text.plist.strings; name = en; path = en.lproj/Main.strings; sourceTree = "<group>"; };
		CAF166FB2472A887009AE935 /* Shabbat Candles.app */ = {isa = PBXFileReference; explicitFileType = wrapper.application; includeInIndex = 0; path = "Shabbat Candles.app"; sourceTree = BUILT_PRODUCTS_DIR; };
		CAF166FE2472A887009AE935 /* AppDelegate.h */ = {isa = PBXFileReference; lastKnownFileType = sourcecode.c.h; path = AppDelegate.h; sourceTree = "<group>"; };
		CAF166FF2472A887009AE935 /* AppDelegate.m */ = {isa = PBXFileReference; lastKnownFileType = sourcecode.c.objc; path = AppDelegate.m; sourceTree = "<group>"; };
		CAF167042472A887009AE935 /* MainViewController.h */ = {isa = PBXFileReference; lastKnownFileType = sourcecode.c.h; path = MainViewController.h; sourceTree = "<group>"; };
		CAF167052472A887009AE935 /* MainViewController.m */ = {isa = PBXFileReference; lastKnownFileType = sourcecode.c.objc; path = MainViewController.m; sourceTree = "<group>"; };
		CAF167082472A887009AE935 /* Base */ = {isa = PBXFileReference; lastKnownFileType = file.storyboard; name = Base; path = Base.lproj/Main.storyboard; sourceTree = "<group>"; };
		CAF1670A2472A889009AE935 /* Assets.xcassets */ = {isa = PBXFileReference; lastKnownFileType = folder.assetcatalog; path = Assets.xcassets; sourceTree = "<group>"; };
		CAF1670D2472A889009AE935 /* Base */ = {isa = PBXFileReference; lastKnownFileType = file.storyboard; name = Base; path = Base.lproj/LaunchScreen.storyboard; sourceTree = "<group>"; };
		CAF1670F2472A889009AE935 /* Info.plist */ = {isa = PBXFileReference; lastKnownFileType = text.plist.xml; path = Info.plist; sourceTree = "<group>"; };
		CAF167102472A889009AE935 /* main.m */ = {isa = PBXFileReference; lastKnownFileType = sourcecode.c.objc; path = main.m; sourceTree = "<group>"; };
		CAF74B6524769BFB004A2612 /* NotificationCenter.framework */ = {isa = PBXFileReference; lastKnownFileType = wrapper.framework; name = NotificationCenter.framework; path = System/Library/Frameworks/NotificationCenter.framework; sourceTree = SDKROOT; };
/* End PBXFileReference section */

/* Begin PBXFrameworksBuildPhase section */
		CA08EFD3247A4954001D7714 /* Frameworks */ = {
			isa = PBXFrameworksBuildPhase;
			buildActionMask = 2147483647;
			files = (
				CA08EFD7247A4954001D7714 /* NotificationCenter.framework in Frameworks */,
			);
			runOnlyForDeploymentPostprocessing = 0;
		};
		CAF166F82472A887009AE935 /* Frameworks */ = {
			isa = PBXFrameworksBuildPhase;
			buildActionMask = 2147483647;
			files = (
			);
			runOnlyForDeploymentPostprocessing = 0;
		};
/* End PBXFrameworksBuildPhase section */

/* Begin PBXGroup section */
		CA08EFD8247A4954001D7714 /* Shabbat Candles Widget */ = {
			isa = PBXGroup;
			children = (
				CAB7137D247A80CC00D7321E /* Shabbat Candles.entitlements */,
				CA08EFD9247A4955001D7714 /* TodayViewController.h */,
				CA08EFDA247A4955001D7714 /* TodayViewController.m */,
				CA08EFDC247A4955001D7714 /* MainInterface.storyboard */,
				CA08EFDF247A4955001D7714 /* Info.plist */,
			);
			path = "Shabbat Candles Widget";
			sourceTree = "<group>";
		};
		CA5526212473B7AC003CC91C /* Extensions */ = {
			isa = PBXGroup;
			children = (
				CA5526262473B95F003CC91C /* UIView+UIView_CardView.h */,
				CA5526272473B95F003CC91C /* UIView+UIView_CardView.m */,
				CA5526292473BEE7003CC91C /* UIImage+CornerRadius.h */,
				CA55262A2473BEE7003CC91C /* UIImage+CornerRadius.m */,
				CA5F1D4124751BA4002C3D64 /* NSString+DateToString.h */,
				CA5F1D4224751BA4002C3D64 /* NSString+DateToString.m */,
			);
			name = Extensions;
			sourceTree = "<group>";
		};
		CA55262C2473C36D003CC91C /* Models */ = {
			isa = PBXGroup;
			children = (
				CA55262E2473C8D5003CC91C /* ShabatItem.h */,
				CA55262F2473C8D5003CC91C /* ShabatItem.m */,
			);
			name = Models;
			sourceTree = "<group>";
		};
		CA55262D2473C37E003CC91C /* API */ = {
			isa = PBXGroup;
			children = (
				CA5526312473D4EE003CC91C /* ItemsService.h */,
				CA5526322473D4EE003CC91C /* ItemsService.m */,
			);
			name = API;
			sourceTree = "<group>";
		};
		CA5F1D4424752664002C3D64 /* Controllers */ = {
			isa = PBXGroup;
			children = (
				CA5F1D4E24764F7D002C3D64 /* SWRevealViewController */,
				CAF167042472A887009AE935 /* MainViewController.h */,
				CAF167052472A887009AE935 /* MainViewController.m */,
				CA5F1D4524752699002C3D64 /* CountriesListViewController.h */,
				CA5F1D4624752699002C3D64 /* CountriesListViewController.m */,
			);
			path = Controllers;
			sourceTree = "<group>";
		};
		CA5F1D4B247558FD002C3D64 /* Resourses */ = {
			isa = PBXGroup;
			children = (
				CA5F1D4C24755924002C3D64 /* cities.txt */,
			);
			name = Resourses;
			sourceTree = "<group>";
		};
		CA5F1D4E24764F7D002C3D64 /* SWRevealViewController */ = {
			isa = PBXGroup;
			children = (
				CA5F1D4F24764F7D002C3D64 /* SWRevealViewController.h */,
				CA5F1D5024764F7D002C3D64 /* SWRevealViewController.m */,
			);
			path = SWRevealViewController;
			sourceTree = "<group>";
		};
		CAF166F22472A887009AE935 = {
			isa = PBXGroup;
			children = (
				CAF166FD2472A887009AE935 /* ShabatCandleLighting */,
				CA08EFD8247A4954001D7714 /* Shabbat Candles Widget */,
				CAF74B6424769BFB004A2612 /* Frameworks */,
				CAF166FC2472A887009AE935 /* Products */,
			);
			sourceTree = "<group>";
		};
		CAF166FC2472A887009AE935 /* Products */ = {
			isa = PBXGroup;
			children = (
				CAF166FB2472A887009AE935 /* Shabbat Candles.app */,
				CA08EFD6247A4954001D7714 /* Shabbat Candles.appex */,
			);
			name = Products;
			sourceTree = "<group>";
		};
		CAF166FD2472A887009AE935 /* ShabatCandleLighting */ = {
			isa = PBXGroup;
			children = (
				CAB7137C247A658100D7321E /* ShabatCandleLighting.entitlements */,
				CA5F1D4B247558FD002C3D64 /* Resourses */,
				CA5F1D4424752664002C3D64 /* Controllers */,
				CA55262D2473C37E003CC91C /* API */,
				CA55262C2473C36D003CC91C /* Models */,
				CA5526212473B7AC003CC91C /* Extensions */,
				CAF167172472A8F9009AE935 /* Helpers */,
				CAF167072472A887009AE935 /* Main.storyboard */,
			);
			path = ShabatCandleLighting;
			sourceTree = "<group>";
		};
		CAF167172472A8F9009AE935 /* Helpers */ = {
			isa = PBXGroup;
			children = (
				CAF166FE2472A887009AE935 /* AppDelegate.h */,
				CAF166FF2472A887009AE935 /* AppDelegate.m */,
				CAF1670A2472A889009AE935 /* Assets.xcassets */,
				CAF1670C2472A889009AE935 /* LaunchScreen.storyboard */,
				CAF1670F2472A889009AE935 /* Info.plist */,
				CAF167102472A889009AE935 /* main.m */,
			);
			name = Helpers;
			sourceTree = "<group>";
		};
		CAF74B6424769BFB004A2612 /* Frameworks */ = {
			isa = PBXGroup;
			children = (
				CAF74B6524769BFB004A2612 /* NotificationCenter.framework */,
			);
			name = Frameworks;
			sourceTree = "<group>";
		};
/* End PBXGroup section */

/* Begin PBXNativeTarget section */
		CA08EFD5247A4954001D7714 /* Shabbat Candles Widget */ = {
			isa = PBXNativeTarget;
			buildConfigurationList = CA08EFE3247A4955001D7714 /* Build configuration list for PBXNativeTarget "Shabbat Candles Widget" */;
			buildPhases = (
				CA08EFD2247A4954001D7714 /* Sources */,
				CA08EFD3247A4954001D7714 /* Frameworks */,
				CA08EFD4247A4954001D7714 /* Resources */,
			);
			buildRules = (
			);
			dependencies = (
			);
			name = "Shabbat Candles Widget";
			productName = "Shabbat Candles Widget";
			productReference = CA08EFD6247A4954001D7714 /* Shabbat Candles.appex */;
			productType = "com.apple.product-type.app-extension";
		};
		CAF166FA2472A887009AE935 /* ShabatCandleLighting */ = {
			isa = PBXNativeTarget;
			buildConfigurationList = CAF167142472A889009AE935 /* Build configuration list for PBXNativeTarget "ShabatCandleLighting" */;
			buildPhases = (
				CAF166F72472A887009AE935 /* Sources */,
				CAF166F82472A887009AE935 /* Frameworks */,
				CAF166F92472A887009AE935 /* Resources */,
				CAF74B7224769BFB004A2612 /* Embed App Extensions */,
			);
			buildRules = (
			);
			dependencies = (
				CA08EFE1247A4955001D7714 /* PBXTargetDependency */,
			);
			name = ShabatCandleLighting;
			productName = ShabatCandleLighting;
			productReference = CAF166FB2472A887009AE935 /* Shabbat Candles.app */;
			productType = "com.apple.product-type.application";
		};
/* End PBXNativeTarget section */

/* Begin PBXProject section */
		CAF166F32472A887009AE935 /* Project object */ = {
			isa = PBXProject;
			attributes = {
				LastSwiftUpdateCheck = 1140;
				LastUpgradeCheck = 1140;
				ORGANIZATIONNAME = "Nikita Koniukh";
				TargetAttributes = {
					CA08EFD5247A4954001D7714 = {
						CreatedOnToolsVersion = 11.4.1;
					};
					CAF166FA2472A887009AE935 = {
						CreatedOnToolsVersion = 11.4.1;
						LastSwiftMigration = 1140;
					};
				};
			};
			buildConfigurationList = CAF166F62472A887009AE935 /* Build configuration list for PBXProject "ShabatCandleLighting" */;
			compatibilityVersion = "Xcode 9.3";
			developmentRegion = en;
			hasScannedForEncodings = 0;
			knownRegions = (
				en,
				Base,
				he,
			);
			mainGroup = CAF166F22472A887009AE935;
			productRefGroup = CAF166FC2472A887009AE935 /* Products */;
			projectDirPath = "";
			projectRoot = "";
			targets = (
				CAF166FA2472A887009AE935 /* ShabatCandleLighting */,
				CA08EFD5247A4954001D7714 /* Shabbat Candles Widget */,
			);
		};
/* End PBXProject section */

/* Begin PBXResourcesBuildPhase section */
		CA08EFD4247A4954001D7714 /* Resources */ = {
			isa = PBXResourcesBuildPhase;
			buildActionMask = 2147483647;
			files = (
				CA08EFE7247A49F5001D7714 /* Assets.xcassets in Resources */,
				CA08EFDE247A4955001D7714 /* MainInterface.storyboard in Resources */,
			);
			runOnlyForDeploymentPostprocessing = 0;
		};
		CAF166F92472A887009AE935 /* Resources */ = {
			isa = PBXResourcesBuildPhase;
			buildActionMask = 2147483647;
			files = (
				CAF1670E2472A889009AE935 /* LaunchScreen.storyboard in Resources */,
				CA5F1D4D24755924002C3D64 /* cities.txt in Resources */,
				CAF1670B2472A889009AE935 /* Assets.xcassets in Resources */,
				CAF167092472A887009AE935 /* Main.storyboard in Resources */,
			);
			runOnlyForDeploymentPostprocessing = 0;
		};
/* End PBXResourcesBuildPhase section */

/* Begin PBXSourcesBuildPhase section */
		CA08EFD2247A4954001D7714 /* Sources */ = {
			isa = PBXSourcesBuildPhase;
			buildActionMask = 2147483647;
			files = (
				CA08EFDB247A4955001D7714 /* TodayViewController.m in Sources */,
				CAB71363247A51D800D7321E /* NSString+DateToString.m in Sources */,
				CAB71362247A509200D7321E /* ShabatItem.m in Sources */,
			);
			runOnlyForDeploymentPostprocessing = 0;
		};
		CAF166F72472A887009AE935 /* Sources */ = {
			isa = PBXSourcesBuildPhase;
			buildActionMask = 2147483647;
			files = (
				CA5F1D4724752699002C3D64 /* CountriesListViewController.m in Sources */,
				CA5526282473B95F003CC91C /* UIView+UIView_CardView.m in Sources */,
				CAF167062472A887009AE935 /* MainViewController.m in Sources */,
				CA5526332473D4EE003CC91C /* ItemsService.m in Sources */,
				CA55262B2473BEE7003CC91C /* UIImage+CornerRadius.m in Sources */,
				CA5526302473C8D5003CC91C /* ShabatItem.m in Sources */,
				CA5F1D4324751BA4002C3D64 /* NSString+DateToString.m in Sources */,
				CA5F1D5124764F7D002C3D64 /* SWRevealViewController.m in Sources */,
				CAF167002472A887009AE935 /* AppDelegate.m in Sources */,
				CAF167112472A889009AE935 /* main.m in Sources */,
			);
			runOnlyForDeploymentPostprocessing = 0;
		};
/* End PBXSourcesBuildPhase section */

/* Begin PBXTargetDependency section */
		CA08EFE1247A4955001D7714 /* PBXTargetDependency */ = {
			isa = PBXTargetDependency;
			target = CA08EFD5247A4954001D7714 /* Shabbat Candles Widget */;
			targetProxy = CA08EFE0247A4955001D7714 /* PBXContainerItemProxy */;
		};
/* End PBXTargetDependency section */

/* Begin PBXVariantGroup section */
		CA08EFDC247A4955001D7714 /* MainInterface.storyboard */ = {
			isa = PBXVariantGroup;
			children = (
				CA08EFDD247A4955001D7714 /* Base */,
				CAB71380247A8D3D00D7321E /* he */,
			);
			name = MainInterface.storyboard;
			sourceTree = "<group>";
		};
		CAF167072472A887009AE935 /* Main.storyboard */ = {
			isa = PBXVariantGroup;
			children = (
				CAF167082472A887009AE935 /* Base */,
				CAB7137F247A8D3D00D7321E /* he */,
				CAB71382247A8D5F00D7321E /* en */,
			);
			name = Main.storyboard;
			sourceTree = "<group>";
		};
		CAF1670C2472A889009AE935 /* LaunchScreen.storyboard */ = {
			isa = PBXVariantGroup;
			children = (
				CAF1670D2472A889009AE935 /* Base */,
				CAB7137E247A8D3D00D7321E /* he */,
			);
			name = LaunchScreen.storyboard;
			sourceTree = "<group>";
		};
/* End PBXVariantGroup section */

/* Begin XCBuildConfiguration section */
		CA08EFE4247A4955001D7714 /* Debug */ = {
			isa = XCBuildConfiguration;
			buildSettings = {
				CODE_SIGN_ENTITLEMENTS = "Shabbat Candles Widget/Shabbat Candles.entitlements";
				CODE_SIGN_STYLE = Automatic;
				DEVELOPMENT_TEAM = 3K3Q4658XN;
				INFOPLIST_FILE = "Shabbat Candles Widget/Info.plist";
				LD_RUNPATH_SEARCH_PATHS = (
					"$(inherited)",
					"@executable_path/Frameworks",
					"@executable_path/../../Frameworks",
				);
				PRODUCT_BUNDLE_IDENTIFIER = "com.msapps.ShabatCandleLighting.Shabbat-Candles-Widget";
				PRODUCT_NAME = "Shabbat Candles";
				SKIP_INSTALL = YES;
				TARGETED_DEVICE_FAMILY = 1;
			};
			name = Debug;
		};
		CA08EFE5247A4955001D7714 /* Release */ = {
			isa = XCBuildConfiguration;
			buildSettings = {
				CODE_SIGN_ENTITLEMENTS = "Shabbat Candles Widget/Shabbat Candles.entitlements";
				CODE_SIGN_STYLE = Automatic;
				DEVELOPMENT_TEAM = 3K3Q4658XN;
				INFOPLIST_FILE = "Shabbat Candles Widget/Info.plist";
				LD_RUNPATH_SEARCH_PATHS = (
					"$(inherited)",
					"@executable_path/Frameworks",
					"@executable_path/../../Frameworks",
				);
				PRODUCT_BUNDLE_IDENTIFIER = "com.msapps.ShabatCandleLighting.Shabbat-Candles-Widget";
				PRODUCT_NAME = "Shabbat Candles";
				SKIP_INSTALL = YES;
				TARGETED_DEVICE_FAMILY = 1;
			};
			name = Release;
		};
		CAF167122472A889009AE935 /* Debug */ = {
			isa = XCBuildConfiguration;
			buildSettings = {
				ALWAYS_SEARCH_USER_PATHS = NO;
				CLANG_ANALYZER_LOCALIZABILITY_NONLOCALIZED = YES;
				CLANG_ANALYZER_NONNULL = YES;
				CLANG_ANALYZER_NUMBER_OBJECT_CONVERSION = YES_AGGRESSIVE;
				CLANG_CXX_LANGUAGE_STANDARD = "gnu++14";
				CLANG_CXX_LIBRARY = "libc++";
				CLANG_ENABLE_MODULES = YES;
				CLANG_ENABLE_OBJC_ARC = YES;
				CLANG_ENABLE_OBJC_WEAK = YES;
				CLANG_WARN_BLOCK_CAPTURE_AUTORELEASING = YES;
				CLANG_WARN_BOOL_CONVERSION = YES;
				CLANG_WARN_COMMA = YES;
				CLANG_WARN_CONSTANT_CONVERSION = YES;
				CLANG_WARN_DEPRECATED_OBJC_IMPLEMENTATIONS = YES;
				CLANG_WARN_DIRECT_OBJC_ISA_USAGE = YES_ERROR;
				CLANG_WARN_DOCUMENTATION_COMMENTS = YES;
				CLANG_WARN_EMPTY_BODY = YES;
				CLANG_WARN_ENUM_CONVERSION = YES;
				CLANG_WARN_INFINITE_RECURSION = YES;
				CLANG_WARN_INT_CONVERSION = YES;
				CLANG_WARN_NON_LITERAL_NULL_CONVERSION = YES;
				CLANG_WARN_OBJC_IMPLICIT_RETAIN_SELF = YES;
				CLANG_WARN_OBJC_LITERAL_CONVERSION = YES;
				CLANG_WARN_OBJC_ROOT_CLASS = YES_ERROR;
				CLANG_WARN_RANGE_LOOP_ANALYSIS = YES;
				CLANG_WARN_STRICT_PROTOTYPES = YES;
				CLANG_WARN_SUSPICIOUS_MOVE = YES;
				CLANG_WARN_UNGUARDED_AVAILABILITY = YES_AGGRESSIVE;
				CLANG_WARN_UNREACHABLE_CODE = YES;
				CLANG_WARN__DUPLICATE_METHOD_MATCH = YES;
				COPY_PHASE_STRIP = NO;
				DEBUG_INFORMATION_FORMAT = dwarf;
				ENABLE_STRICT_OBJC_MSGSEND = YES;
				ENABLE_TESTABILITY = YES;
				GCC_C_LANGUAGE_STANDARD = gnu11;
				GCC_DYNAMIC_NO_PIC = NO;
				GCC_NO_COMMON_BLOCKS = YES;
				GCC_OPTIMIZATION_LEVEL = 0;
				GCC_PREPROCESSOR_DEFINITIONS = (
					"DEBUG=1",
					"$(inherited)",
				);
				GCC_WARN_64_TO_32_BIT_CONVERSION = YES;
				GCC_WARN_ABOUT_RETURN_TYPE = YES_ERROR;
				GCC_WARN_UNDECLARED_SELECTOR = YES;
				GCC_WARN_UNINITIALIZED_AUTOS = YES_AGGRESSIVE;
				GCC_WARN_UNUSED_FUNCTION = YES;
				GCC_WARN_UNUSED_VARIABLE = YES;
				IPHONEOS_DEPLOYMENT_TARGET = 13.4;
				MTL_ENABLE_DEBUG_INFO = INCLUDE_SOURCE;
				MTL_FAST_MATH = YES;
				ONLY_ACTIVE_ARCH = YES;
				SDKROOT = iphoneos;
			};
			name = Debug;
		};
		CAF167132472A889009AE935 /* Release */ = {
			isa = XCBuildConfiguration;
			buildSettings = {
				ALWAYS_SEARCH_USER_PATHS = NO;
				CLANG_ANALYZER_LOCALIZABILITY_NONLOCALIZED = YES;
				CLANG_ANALYZER_NONNULL = YES;
				CLANG_ANALYZER_NUMBER_OBJECT_CONVERSION = YES_AGGRESSIVE;
				CLANG_CXX_LANGUAGE_STANDARD = "gnu++14";
				CLANG_CXX_LIBRARY = "libc++";
				CLANG_ENABLE_MODULES = YES;
				CLANG_ENABLE_OBJC_ARC = YES;
				CLANG_ENABLE_OBJC_WEAK = YES;
				CLANG_WARN_BLOCK_CAPTURE_AUTORELEASING = YES;
				CLANG_WARN_BOOL_CONVERSION = YES;
				CLANG_WARN_COMMA = YES;
				CLANG_WARN_CONSTANT_CONVERSION = YES;
				CLANG_WARN_DEPRECATED_OBJC_IMPLEMENTATIONS = YES;
				CLANG_WARN_DIRECT_OBJC_ISA_USAGE = YES_ERROR;
				CLANG_WARN_DOCUMENTATION_COMMENTS = YES;
				CLANG_WARN_EMPTY_BODY = YES;
				CLANG_WARN_ENUM_CONVERSION = YES;
				CLANG_WARN_INFINITE_RECURSION = YES;
				CLANG_WARN_INT_CONVERSION = YES;
				CLANG_WARN_NON_LITERAL_NULL_CONVERSION = YES;
				CLANG_WARN_OBJC_IMPLICIT_RETAIN_SELF = YES;
				CLANG_WARN_OBJC_LITERAL_CONVERSION = YES;
				CLANG_WARN_OBJC_ROOT_CLASS = YES_ERROR;
				CLANG_WARN_RANGE_LOOP_ANALYSIS = YES;
				CLANG_WARN_STRICT_PROTOTYPES = YES;
				CLANG_WARN_SUSPICIOUS_MOVE = YES;
				CLANG_WARN_UNGUARDED_AVAILABILITY = YES_AGGRESSIVE;
				CLANG_WARN_UNREACHABLE_CODE = YES;
				CLANG_WARN__DUPLICATE_METHOD_MATCH = YES;
				COPY_PHASE_STRIP = NO;
				DEBUG_INFORMATION_FORMAT = "dwarf-with-dsym";
				ENABLE_NS_ASSERTIONS = NO;
				ENABLE_STRICT_OBJC_MSGSEND = YES;
				GCC_C_LANGUAGE_STANDARD = gnu11;
				GCC_NO_COMMON_BLOCKS = YES;
				GCC_WARN_64_TO_32_BIT_CONVERSION = YES;
				GCC_WARN_ABOUT_RETURN_TYPE = YES_ERROR;
				GCC_WARN_UNDECLARED_SELECTOR = YES;
				GCC_WARN_UNINITIALIZED_AUTOS = YES_AGGRESSIVE;
				GCC_WARN_UNUSED_FUNCTION = YES;
				GCC_WARN_UNUSED_VARIABLE = YES;
				IPHONEOS_DEPLOYMENT_TARGET = 13.4;
				MTL_ENABLE_DEBUG_INFO = NO;
				MTL_FAST_MATH = YES;
				SDKROOT = iphoneos;
				VALIDATE_PRODUCT = YES;
			};
			name = Release;
		};
		CAF167152472A889009AE935 /* Debug */ = {
			isa = XCBuildConfiguration;
			buildSettings = {
				ASSETCATALOG_COMPILER_APPICON_NAME = AppIcon;
				CLANG_ENABLE_MODULES = YES;
				CODE_SIGN_ENTITLEMENTS = ShabatCandleLighting/ShabatCandleLighting.entitlements;
				CODE_SIGN_IDENTITY = "Apple Development";
				CODE_SIGN_STYLE = Automatic;
				CURRENT_PROJECT_VERSION = 2;
				DEVELOPMENT_TEAM = 3K3Q4658XN;
				INFOPLIST_FILE = ShabatCandleLighting/Info.plist;
				IPHONEOS_DEPLOYMENT_TARGET = 12.0;
				LD_RUNPATH_SEARCH_PATHS = (
					"$(inherited)",
					"@executable_path/Frameworks",
				);
				PRODUCT_BUNDLE_IDENTIFIER = com.msapps.ShabatCandleLighting;
				PRODUCT_NAME = "Shabbat Candles";
				PROVISIONING_PROFILE_SPECIFIER = "";
				SWIFT_OPTIMIZATION_LEVEL = "-Onone";
				SWIFT_VERSION = 5.0;
				TARGETED_DEVICE_FAMILY = 1;
			};
			name = Debug;
		};
		CAF167162472A889009AE935 /* Release */ = {
			isa = XCBuildConfiguration;
			buildSettings = {
				ASSETCATALOG_COMPILER_APPICON_NAME = AppIcon;
				CLANG_ENABLE_MODULES = YES;
				CODE_SIGN_ENTITLEMENTS = ShabatCandleLighting/ShabatCandleLighting.entitlements;
				CODE_SIGN_IDENTITY = "Apple Development";
				CODE_SIGN_STYLE = Automatic;
				CURRENT_PROJECT_VERSION = 2;
				DEVELOPMENT_TEAM = 3K3Q4658XN;
				INFOPLIST_FILE = ShabatCandleLighting/Info.plist;
				IPHONEOS_DEPLOYMENT_TARGET = 12.0;
				LD_RUNPATH_SEARCH_PATHS = (
					"$(inherited)",
					"@executable_path/Frameworks",
				);
				PRODUCT_BUNDLE_IDENTIFIER = com.msapps.ShabatCandleLighting;
				PRODUCT_NAME = "Shabbat Candles";
				PROVISIONING_PROFILE_SPECIFIER = "";
				SWIFT_VERSION = 5.0;
				TARGETED_DEVICE_FAMILY = 1;
			};
			name = Release;
		};
/* End XCBuildConfiguration section */

/* Begin XCConfigurationList section */
		CA08EFE3247A4955001D7714 /* Build configuration list for PBXNativeTarget "Shabbat Candles Widget" */ = {
			isa = XCConfigurationList;
			buildConfigurations = (
				CA08EFE4247A4955001D7714 /* Debug */,
				CA08EFE5247A4955001D7714 /* Release */,
			);
			defaultConfigurationIsVisible = 0;
			defaultConfigurationName = Release;
		};
		CAF166F62472A887009AE935 /* Build configuration list for PBXProject "ShabatCandleLighting" */ = {
			isa = XCConfigurationList;
			buildConfigurations = (
				CAF167122472A889009AE935 /* Debug */,
				CAF167132472A889009AE935 /* Release */,
			);
			defaultConfigurationIsVisible = 0;
			defaultConfigurationName = Release;
		};
		CAF167142472A889009AE935 /* Build configuration list for PBXNativeTarget "ShabatCandleLighting" */ = {
			isa = XCConfigurationList;
			buildConfigurations = (
				CAF167152472A889009AE935 /* Debug */,
				CAF167162472A889009AE935 /* Release */,
			);
			defaultConfigurationIsVisible = 0;
			defaultConfigurationName = Release;
		};
/* End XCConfigurationList section */
	};
	rootObject = CAF166F32472A887009AE935 /* Project object */;
}
